
Microsoft Visual Studio Solution File, Format Version 12.00
# Visual Studio 15
VisualStudioVersion = 15.0.26430.14
MinimumVisualStudioVersion = 10.0.40219.1
Project("{9A19103F-16F7-4668-BE54-9A1E7A4F7556}") = "Backend", "Backend\Backend.csproj", "{4A2D0589-7E95-4988-A9F9-FB5A5A61D3D7}"
EndProject
Project("{FAE04EC0-301F-11D3-BF4B-00C04F79EFBC}") = "Overlay", "Overlay\Overlay.csproj", "{E6E085D5-B959-45FE-81CF-A287D4AD8F16}"
EndProject
Project("{FAE04EC0-301F-11D3-BF4B-00C04F79EFBC}") = "Commons", "Commons\Commons.csproj", "{3801FCEA-E24D-44A2-B4DC-DF10C5190811}"
EndProject
Project("{FAE04EC0-301F-11D3-BF4B-00C04F79EFBC}") = "Database", "Database\Database.csproj", "{5276492B-878F-426B-AE37-6789BFC7E328}"
EndProject
Global
	GlobalSection(SolutionConfigurationPlatforms) = preSolution
		Debug|Any CPU = Debug|Any CPU
		Release|Any CPU = Release|Any CPU
	EndGlobalSection
	GlobalSection(ProjectConfigurationPlatforms) = postSolution
		{4A2D0589-7E95-4988-A9F9-FB5A5A61D3D7}.Debug|Any CPU.ActiveCfg = Debug|Any CPU
		{4A2D0589-7E95-4988-A9F9-FB5A5A61D3D7}.Debug|Any CPU.Build.0 = Debug|Any CPU
		{4A2D0589-7E95-4988-A9F9-FB5A5A61D3D7}.Release|Any CPU.ActiveCfg = Release|Any CPU
		{4A2D0589-7E95-4988-A9F9-FB5A5A61D3D7}.Release|Any CPU.Build.0 = Release|Any CPU
		{E6E085D5-B959-45FE-81CF-A287D4AD8F16}.Debug|Any CPU.ActiveCfg = Debug|Any CPU
		{E6E085D5-B959-45FE-81CF-A287D4AD8F16}.Debug|Any CPU.Build.0 = Debug|Any CPU
		{E6E085D5-B959-45FE-81CF-A287D4AD8F16}.Release|Any CPU.ActiveCfg = Release|Any CPU
		{E6E085D5-B959-45FE-81CF-A287D4AD8F16}.Release|Any CPU.Build.0 = Release|Any CPU
		{3801FCEA-E24D-44A2-B4DC-DF10C5190811}.Debug|Any CPU.ActiveCfg = Debug|Any CPU
		{3801FCEA-E24D-44A2-B4DC-DF10C5190811}.Debug|Any CPU.Build.0 = Debug|Any CPU
		{3801FCEA-E24D-44A2-B4DC-DF10C5190811}.Release|Any CPU.ActiveCfg = Release|Any CPU
		{3801FCEA-E24D-44A2-B4DC-DF10C5190811}.Release|Any CPU.Build.0 = Release|Any CPU
		{5276492B-878F-426B-AE37-6789BFC7E328}.Debug|Any CPU.ActiveCfg = Debug|Any CPU
		{5276492B-878F-426B-AE37-6789BFC7E328}.Debug|Any CPU.Build.0 = Debug|Any CPU
		{5276492B-878F-426B-AE37-6789BFC7E328}.Release|Any CPU.ActiveCfg = Release|Any CPU
		{5276492B-878F-426B-AE37-6789BFC7E328}.Release|Any CPU.Build.0 = Release|Any CPU
	EndGlobalSection
	GlobalSection(SolutionProperties) = preSolution
		HideSolutionNode = FALSE
	EndGlobalSection
	GlobalSection(ExtensibilityGlobals) = postSolution
		SolutionGuid = {DDB16CED-B9AB-437B-94BE-4C41C617B173}
	EndGlobalSection
EndGlobal
